
Microsoft Visual Studio Solution File, Format Version 12.00
# Visual Studio Version 17
VisualStudioVersion = 17.9.34616.47
MinimumVisualStudioVersion = 10.0.40219.1
Project("{FAE04EC0-301F-11D3-BF4B-00C04F79EFBC}") = "PracticaMVC", "PracticaMVC\PracticaMVC.csproj", "{B95A9A51-F0FD-4E57-9BBD-A2012410FA20}"
EndProject
Global
	GlobalSection(SolutionConfigurationPlatforms) = preSolution
		Debug|Any CPU = Debug|Any CPU
		Release|Any CPU = Release|Any CPU
	EndGlobalSection
	GlobalSection(ProjectConfigurationPlatforms) = postSolution
		{B95A9A51-F0FD-4E57-9BBD-A2012410FA20}.Debug|Any CPU.ActiveCfg = Debug|Any CPU
		{B95A9A51-F0FD-4E57-9BBD-A2012410FA20}.Debug|Any CPU.Build.0 = Debug|Any CPU
		{B95A9A51-F0FD-4E57-9BBD-A2012410FA20}.Release|Any CPU.ActiveCfg = Release|Any CPU
		{B95A9A51-F0FD-4E57-9BBD-A2012410FA20}.Release|Any CPU.Build.0 = Release|Any CPU
	EndGlobalSection
	GlobalSection(SolutionProperties) = preSolution
		HideSolutionNode = FALSE
	EndGlobalSection
	GlobalSection(ExtensibilityGlobals) = postSolution
		SolutionGuid = {C39E452B-B30F-44B6-B4DB-FFEEF5C57EEA}
	EndGlobalSection
EndGlobal
